
Microsoft Visual Studio Solution File, Format Version 12.00
# Visual Studio Version 17
VisualStudioVersion = 17.12.35527.113 d17.12
MinimumVisualStudioVersion = 10.0.40219.1
Project("{FAE04EC0-301F-11D3-BF4B-00C04F79EFBC}") = "TranQuocKiet_QuanLiTiemGiatSay", "TranQuocKiet_QuanLiTiemGiatSay\TranQuocKiet_QuanLiTiemGiatSay.csproj", "{22BDB025-9459-4E5E-846F-5EF0D3D27052}"
EndProject
Global
	GlobalSection(SolutionConfigurationPlatforms) = preSolution
		Debug|Any CPU = Debug|Any CPU
		Release|Any CPU = Release|Any CPU
	EndGlobalSection
	GlobalSection(ProjectConfigurationPlatforms) = postSolution
		{22BDB025-9459-4E5E-846F-5EF0D3D27052}.Debug|Any CPU.ActiveCfg = Debug|Any CPU
		{22BDB025-9459-4E5E-846F-5EF0D3D27052}.Debug|Any CPU.Build.0 = Debug|Any CPU
		{22BDB025-9459-4E5E-846F-5EF0D3D27052}.Release|Any CPU.ActiveCfg = Release|Any CPU
		{22BDB025-9459-4E5E-846F-5EF0D3D27052}.Release|Any CPU.Build.0 = Release|Any CPU
	EndGlobalSection
	GlobalSection(SolutionProperties) = preSolution
		HideSolutionNode = FALSE
	EndGlobalSection
EndGlobal
